// !$*UTF8*$!
{
	archiveVersion = 1;
	classes = {
	};
	objectVersion = 50;
	objects = {

/* Begin PBXBuildFile section */
		4A140B16246B317600863A16 /* AppDelegate.swift in Sources */ = {isa = PBXBuildFile; fileRef = 4A140B15246B317600863A16 /* AppDelegate.swift */; };
		4A140B18246B317600863A16 /* SceneDelegate.swift in Sources */ = {isa = PBXBuildFile; fileRef = 4A140B17246B317600863A16 /* SceneDelegate.swift */; };
		4A140B1C246B317700863A16 /* Assets.xcassets in Resources */ = {isa = PBXBuildFile; fileRef = 4A140B1B246B317700863A16 /* Assets.xcassets */; };
		4A140B1F246B317700863A16 /* Preview Assets.xcassets in Resources */ = {isa = PBXBuildFile; fileRef = 4A140B1E246B317700863A16 /* Preview Assets.xcassets */; };
		4A140B22246B317700863A16 /* LaunchScreen.storyboard in Resources */ = {isa = PBXBuildFile; fileRef = 4A140B20246B317700863A16 /* LaunchScreen.storyboard */; };
		4A140B2F246B318A00863A16 /* ScrollViewExample.swift in Sources */ = {isa = PBXBuildFile; fileRef = 4A140B29246B318A00863A16 /* ScrollViewExample.swift */; };
		4A140B30246B318A00863A16 /* ScrollViewExample2.swift in Sources */ = {isa = PBXBuildFile; fileRef = 4A140B2A246B318A00863A16 /* ScrollViewExample2.swift */; };
		4A140B31246B318A00863A16 /* ScrollViewExample3.swift in Sources */ = {isa = PBXBuildFile; fileRef = 4A140B2B246B318A00863A16 /* ScrollViewExample3.swift */; };
		4A140B32246B318A00863A16 /* ContentView.swift in Sources */ = {isa = PBXBuildFile; fileRef = 4A140B2C246B318A00863A16 /* ContentView.swift */; };
		4A140B33246B318A00863A16 /* ScrollViewExample4.swift in Sources */ = {isa = PBXBuildFile; fileRef = 4A140B2D246B318A00863A16 /* ScrollViewExample4.swift */; };
		4A140B34246B318A00863A16 /* CycleView.swift in Sources */ = {isa = PBXBuildFile; fileRef = 4A140B2E246B318A00863A16 /* CycleView.swift */; };
		4A140B37246B31F800863A16 /* BBSwiftUIKit.framework in Frameworks */ = {isa = PBXBuildFile; fileRef = 4A140B36246B31F800863A16 /* BBSwiftUIKit.framework */; };
		4A140B38246B31F800863A16 /* BBSwiftUIKit.framework in Embed Frameworks */ = {isa = PBXBuildFile; fileRef = 4A140B36246B31F800863A16 /* BBSwiftUIKit.framework */; settings = {ATTRIBUTES = (CodeSignOnCopy, RemoveHeadersOnCopy, ); }; };
		4A140B3D246B745C00863A16 /* CycleViewExample.swift in Sources */ = {isa = PBXBuildFile; fileRef = 4A140B3C246B745C00863A16 /* CycleViewExample.swift */; };
		4A140B3F246B7CFD00863A16 /* PageControlExample.swift in Sources */ = {isa = PBXBuildFile; fileRef = 4A140B3E246B7CFD00863A16 /* PageControlExample.swift */; };
		4A9245EB246E11EC00BA48AF /* TableViewExample.swift in Sources */ = {isa = PBXBuildFile; fileRef = 4A9245EA246E11EC00BA48AF /* TableViewExample.swift */; };
/* End PBXBuildFile section */

/* Begin PBXCopyFilesBuildPhase section */
		4A140B39246B31F800863A16 /* Embed Frameworks */ = {
			isa = PBXCopyFilesBuildPhase;
			buildActionMask = 2147483647;
			dstPath = "";
			dstSubfolderSpec = 10;
			files = (
				4A140B38246B31F800863A16 /* BBSwiftUIKit.framework in Embed Frameworks */,
			);
			name = "Embed Frameworks";
			runOnlyForDeploymentPostprocessing = 0;
		};
/* End PBXCopyFilesBuildPhase section */

/* Begin PBXFileReference section */
		4A140B12246B317600863A16 /* BBSwiftUIKitDemo.app */ = {isa = PBXFileReference; explicitFileType = wrapper.application; includeInIndex = 0; path = BBSwiftUIKitDemo.app; sourceTree = BUILT_PRODUCTS_DIR; };
		4A140B15246B317600863A16 /* AppDelegate.swift */ = {isa = PBXFileReference; lastKnownFileType = sourcecode.swift; path = AppDelegate.swift; sourceTree = "<group>"; };
		4A140B17246B317600863A16 /* SceneDelegate.swift */ = {isa = PBXFileReference; lastKnownFileType = sourcecode.swift; path = SceneDelegate.swift; sourceTree = "<group>"; };
		4A140B1B246B317700863A16 /* Assets.xcassets */ = {isa = PBXFileReference; lastKnownFileType = folder.assetcatalog; path = Assets.xcassets; sourceTree = "<group>"; };
		4A140B1E246B317700863A16 /* Preview Assets.xcassets */ = {isa = PBXFileReference; lastKnownFileType = folder.assetcatalog; path = "Preview Assets.xcassets"; sourceTree = "<group>"; };
		4A140B21246B317700863A16 /* Base */ = {isa = PBXFileReference; lastKnownFileType = file.storyboard; name = Base; path = Base.lproj/LaunchScreen.storyboard; sourceTree = "<group>"; };
		4A140B23246B317700863A16 /* Info.plist */ = {isa = PBXFileReference; lastKnownFileType = text.plist.xml; path = Info.plist; sourceTree = "<group>"; };
		4A140B29246B318A00863A16 /* ScrollViewExample.swift */ = {isa = PBXFileReference; fileEncoding = 4; lastKnownFileType = sourcecode.swift; path = ScrollViewExample.swift; sourceTree = "<group>"; };
		4A140B2A246B318A00863A16 /* ScrollViewExample2.swift */ = {isa = PBXFileReference; fileEncoding = 4; lastKnownFileType = sourcecode.swift; path = ScrollViewExample2.swift; sourceTree = "<group>"; };
		4A140B2B246B318A00863A16 /* ScrollViewExample3.swift */ = {isa = PBXFileReference; fileEncoding = 4; lastKnownFileType = sourcecode.swift; path = ScrollViewExample3.swift; sourceTree = "<group>"; };
		4A140B2C246B318A00863A16 /* ContentView.swift */ = {isa = PBXFileReference; fileEncoding = 4; lastKnownFileType = sourcecode.swift; path = ContentView.swift; sourceTree = "<group>"; };
		4A140B2D246B318A00863A16 /* ScrollViewExample4.swift */ = {isa = PBXFileReference; fileEncoding = 4; lastKnownFileType = sourcecode.swift; path = ScrollViewExample4.swift; sourceTree = "<group>"; };
		4A140B2E246B318A00863A16 /* CycleView.swift */ = {isa = PBXFileReference; fileEncoding = 4; lastKnownFileType = sourcecode.swift; path = CycleView.swift; sourceTree = "<group>"; };
		4A140B36246B31F800863A16 /* BBSwiftUIKit.framework */ = {isa = PBXFileReference; explicitFileType = wrapper.framework; path = BBSwiftUIKit.framework; sourceTree = BUILT_PRODUCTS_DIR; };
		4A140B3C246B745C00863A16 /* CycleViewExample.swift */ = {isa = PBXFileReference; lastKnownFileType = sourcecode.swift; path = CycleViewExample.swift; sourceTree = "<group>"; };
		4A140B3E246B7CFD00863A16 /* PageControlExample.swift */ = {isa = PBXFileReference; lastKnownFileType = sourcecode.swift; path = PageControlExample.swift; sourceTree = "<group>"; };
		4A9245EA246E11EC00BA48AF /* TableViewExample.swift */ = {isa = PBXFileReference; lastKnownFileType = sourcecode.swift; path = TableViewExample.swift; sourceTree = "<group>"; };
/* End PBXFileReference section */

/* Begin PBXFrameworksBuildPhase section */
		4A140B0F246B317600863A16 /* Frameworks */ = {
			isa = PBXFrameworksBuildPhase;
			buildActionMask = 2147483647;
			files = (
				4A140B37246B31F800863A16 /* BBSwiftUIKit.framework in Frameworks */,
			);
			runOnlyForDeploymentPostprocessing = 0;
		};
/* End PBXFrameworksBuildPhase section */

/* Begin PBXGroup section */
		4A140B09246B317600863A16 = {
			isa = PBXGroup;
			children = (
				4A140B14246B317600863A16 /* BBSwiftUIKitDemo */,
				4A140B13246B317600863A16 /* Products */,
				4A140B35246B31F800863A16 /* Frameworks */,
			);
			sourceTree = "<group>";
		};
		4A140B13246B317600863A16 /* Products */ = {
			isa = PBXGroup;
			children = (
				4A140B12246B317600863A16 /* BBSwiftUIKitDemo.app */,
			);
			name = Products;
			sourceTree = "<group>";
		};
		4A140B14246B317600863A16 /* BBSwiftUIKitDemo */ = {
			isa = PBXGroup;
			children = (
				4A140B15246B317600863A16 /* AppDelegate.swift */,
				4A140B17246B317600863A16 /* SceneDelegate.swift */,
				4A140B2C246B318A00863A16 /* ContentView.swift */,
				4A140B29246B318A00863A16 /* ScrollViewExample.swift */,
				4A140B2A246B318A00863A16 /* ScrollViewExample2.swift */,
				4A140B2B246B318A00863A16 /* ScrollViewExample3.swift */,
				4A140B2D246B318A00863A16 /* ScrollViewExample4.swift */,
				4A140B3E246B7CFD00863A16 /* PageControlExample.swift */,
				4A140B3C246B745C00863A16 /* CycleViewExample.swift */,
				4A140B2E246B318A00863A16 /* CycleView.swift */,
				4A9245EA246E11EC00BA48AF /* TableViewExample.swift */,
				4A140B1B246B317700863A16 /* Assets.xcassets */,
				4A140B20246B317700863A16 /* LaunchScreen.storyboard */,
				4A140B23246B317700863A16 /* Info.plist */,
				4A140B1D246B317700863A16 /* Preview Content */,
			);
			path = BBSwiftUIKitDemo;
			sourceTree = "<group>";
		};
		4A140B1D246B317700863A16 /* Preview Content */ = {
			isa = PBXGroup;
			children = (
				4A140B1E246B317700863A16 /* Preview Assets.xcassets */,
			);
			path = "Preview Content";
			sourceTree = "<group>";
		};
		4A140B35246B31F800863A16 /* Frameworks */ = {
			isa = PBXGroup;
			children = (
				4A140B36246B31F800863A16 /* BBSwiftUIKit.framework */,
			);
			name = Frameworks;
			sourceTree = "<group>";
		};
/* End PBXGroup section */

/* Begin PBXNativeTarget section */
		4A140B11246B317600863A16 /* BBSwiftUIKitDemo */ = {
			isa = PBXNativeTarget;
			buildConfigurationList = 4A140B26246B317700863A16 /* Build configuration list for PBXNativeTarget "BBSwiftUIKitDemo" */;
			buildPhases = (
				4A140B0E246B317600863A16 /* Sources */,
				4A140B0F246B317600863A16 /* Frameworks */,
				4A140B10246B317600863A16 /* Resources */,
				4A140B39246B31F800863A16 /* Embed Frameworks */,
			);
			buildRules = (
			);
			dependencies = (
			);
			name = BBSwiftUIKitDemo;
			productName = BBSwiftUIKitDemo;
			productReference = 4A140B12246B317600863A16 /* BBSwiftUIKitDemo.app */;
			productType = "com.apple.product-type.application";
		};
/* End PBXNativeTarget section */

/* Begin PBXProject section */
		4A140B0A246B317600863A16 /* Project object */ = {
			isa = PBXProject;
			attributes = {
				LastSwiftUpdateCheck = 1130;
				LastUpgradeCheck = 1130;
				ORGANIZATIONNAME = "Kaibo Lu";
				TargetAttributes = {
					4A140B11246B317600863A16 = {
						CreatedOnToolsVersion = 11.3;
					};
				};
			};
			buildConfigurationList = 4A140B0D246B317600863A16 /* Build configuration list for PBXProject "BBSwiftUIKitDemo" */;
			compatibilityVersion = "Xcode 9.3";
			developmentRegion = en;
			hasScannedForEncodings = 0;
			knownRegions = (
				en,
				Base,
			);
			mainGroup = 4A140B09246B317600863A16;
			productRefGroup = 4A140B13246B317600863A16 /* Products */;
			projectDirPath = "";
			projectRoot = "";
			targets = (
				4A140B11246B317600863A16 /* BBSwiftUIKitDemo */,
			);
		};
/* End PBXProject section */

/* Begin PBXResourcesBuildPhase section */
		4A140B10246B317600863A16 /* Resources */ = {
			isa = PBXResourcesBuildPhase;
			buildActionMask = 2147483647;
			files = (
				4A140B22246B317700863A16 /* LaunchScreen.storyboard in Resources */,
				4A140B1F246B317700863A16 /* Preview Assets.xcassets in Resources */,
				4A140B1C246B317700863A16 /* Assets.xcassets in Resources */,
			);
			runOnlyForDeploymentPostprocessing = 0;
		};
/* End PBXResourcesBuildPhase section */

/* Begin PBXSourcesBuildPhase section */
		4A140B0E246B317600863A16 /* Sources */ = {
			isa = PBXSourcesBuildPhase;
			buildActionMask = 2147483647;
			files = (
				4A140B16246B317600863A16 /* AppDelegate.swift in Sources */,
				4A140B18246B317600863A16 /* SceneDelegate.swift in Sources */,
				4A140B32246B318A00863A16 /* ContentView.swift in Sources */,
				4A9245EB246E11EC00BA48AF /* TableViewExample.swift in Sources */,
				4A140B31246B318A00863A16 /* ScrollViewExample3.swift in Sources */,
				4A140B30246B318A00863A16 /* ScrollViewExample2.swift in Sources */,
				4A140B34246B318A00863A16 /* CycleView.swift in Sources */,
				4A140B2F246B318A00863A16 /* ScrollViewExample.swift in Sources */,
				4A140B3D246B745C00863A16 /* CycleViewExample.swift in Sources */,
				4A140B33246B318A00863A16 /* ScrollViewExample4.swift in Sources */,
				4A140B3F246B7CFD00863A16 /* PageControlExample.swift in Sources */,
			);
			runOnlyForDeploymentPostprocessing = 0;
		};
/* End PBXSourcesBuildPhase section */

/* Begin PBXVariantGroup section */
		4A140B20246B317700863A16 /* LaunchScreen.storyboard */ = {
			isa = PBXVariantGroup;
			children = (
				4A140B21246B317700863A16 /* Base */,
			);
			name = LaunchScreen.storyboard;
			sourceTree = "<group>";
		};
/* End PBXVariantGroup section */

/* Begin XCBuildConfiguration section */
		4A140B24246B317700863A16 /* Debug */ = {
			isa = XCBuildConfiguration;
			buildSettings = {
				ALWAYS_SEARCH_USER_PATHS = NO;
				CLANG_ANALYZER_NONNULL = YES;
				CLANG_ANALYZER_NUMBER_OBJECT_CONVERSION = YES_AGGRESSIVE;
				CLANG_CXX_LANGUAGE_STANDARD = "gnu++14";
				CLANG_CXX_LIBRARY = "libc++";
				CLANG_ENABLE_MODULES = YES;
				CLANG_ENABLE_OBJC_ARC = YES;
				CLANG_ENABLE_OBJC_WEAK = YES;
				CLANG_WARN_BLOCK_CAPTURE_AUTORELEASING = YES;
				CLANG_WARN_BOOL_CONVERSION = YES;
				CLANG_WARN_COMMA = YES;
				CLANG_WARN_CONSTANT_CONVERSION = YES;
				CLANG_WARN_DEPRECATED_OBJC_IMPLEMENTATIONS = YES;
				CLANG_WARN_DIRECT_OBJC_ISA_USAGE = YES_ERROR;
				CLANG_WARN_DOCUMENTATION_COMMENTS = YES;
				CLANG_WARN_EMPTY_BODY = YES;
				CLANG_WARN_ENUM_CONVERSION = YES;
				CLANG_WARN_INFINITE_RECURSION = YES;
				CLANG_WARN_INT_CONVERSION = YES;
				CLANG_WARN_NON_LITERAL_NULL_CONVERSION = YES;
				CLANG_WARN_OBJC_IMPLICIT_RETAIN_SELF = YES;
				CLANG_WARN_OBJC_LITERAL_CONVERSION = YES;
				CLANG_WARN_OBJC_ROOT_CLASS = YES_ERROR;
				CLANG_WARN_RANGE_LOOP_ANALYSIS = YES;
				CLANG_WARN_STRICT_PROTOTYPES = YES;
				CLANG_WARN_SUSPICIOUS_MOVE = YES;
				CLANG_WARN_UNGUARDED_AVAILABILITY = YES_AGGRESSIVE;
				CLANG_WARN_UNREACHABLE_CODE = YES;
				CLANG_WARN__DUPLICATE_METHOD_MATCH = YES;
				COPY_PHASE_STRIP = NO;
				DEBUG_INFORMATION_FORMAT = dwarf;
				ENABLE_STRICT_OBJC_MSGSEND = YES;
				ENABLE_TESTABILITY = YES;
				GCC_C_LANGUAGE_STANDARD = gnu11;
				GCC_DYNAMIC_NO_PIC = NO;
				GCC_NO_COMMON_BLOCKS = YES;
				GCC_OPTIMIZATION_LEVEL = 0;
				GCC_PREPROCESSOR_DEFINITIONS = (
					"DEBUG=1",
					"$(inherited)",
				);
				GCC_WARN_64_TO_32_BIT_CONVERSION = YES;
				GCC_WARN_ABOUT_RETURN_TYPE = YES_ERROR;
				GCC_WARN_UNDECLARED_SELECTOR = YES;
				GCC_WARN_UNINITIALIZED_AUTOS = YES_AGGRESSIVE;
				GCC_WARN_UNUSED_FUNCTION = YES;
				GCC_WARN_UNUSED_VARIABLE = YES;
				IPHONEOS_DEPLOYMENT_TARGET = 13.2;
				MTL_ENABLE_DEBUG_INFO = INCLUDE_SOURCE;
				MTL_FAST_MATH = YES;
				ONLY_ACTIVE_ARCH = YES;
				SDKROOT = iphoneos;
				SWIFT_ACTIVE_COMPILATION_CONDITIONS = DEBUG;
				SWIFT_OPTIMIZATION_LEVEL = "-Onone";
			};
			name = Debug;
		};
		4A140B25246B317700863A16 /* Release */ = {
			isa = XCBuildConfiguration;
			buildSettings = {
				ALWAYS_SEARCH_USER_PATHS = NO;
				CLANG_ANALYZER_NONNULL = YES;
				CLANG_ANALYZER_NUMBER_OBJECT_CONVERSION = YES_AGGRESSIVE;
				CLANG_CXX_LANGUAGE_STANDARD = "gnu++14";
				CLANG_CXX_LIBRARY = "libc++";
				CLANG_ENABLE_MODULES = YES;
				CLANG_ENABLE_OBJC_ARC = YES;
				CLANG_ENABLE_OBJC_WEAK = YES;
				CLANG_WARN_BLOCK_CAPTURE_AUTORELEASING = YES;
				CLANG_WARN_BOOL_CONVERSION = YES;
				CLANG_WARN_COMMA = YES;
				CLANG_WARN_CONSTANT_CONVERSION = YES;
				CLANG_WARN_DEPRECATED_OBJC_IMPLEMENTATIONS = YES;
				CLANG_WARN_DIRECT_OBJC_ISA_USAGE = YES_ERROR;
				CLANG_WARN_DOCUMENTATION_COMMENTS = YES;
				CLANG_WARN_EMPTY_BODY = YES;
				CLANG_WARN_ENUM_CONVERSION = YES;
				CLANG_WARN_INFINITE_RECURSION = YES;
				CLANG_WARN_INT_CONVERSION = YES;
				CLANG_WARN_NON_LITERAL_NULL_CONVERSION = YES;
				CLANG_WARN_OBJC_IMPLICIT_RETAIN_SELF = YES;
				CLANG_WARN_OBJC_LITERAL_CONVERSION = YES;
				CLANG_WARN_OBJC_ROOT_CLASS = YES_ERROR;
				CLANG_WARN_RANGE_LOOP_ANALYSIS = YES;
				CLANG_WARN_STRICT_PROTOTYPES = YES;
				CLANG_WARN_SUSPICIOUS_MOVE = YES;
				CLANG_WARN_UNGUARDED_AVAILABILITY = YES_AGGRESSIVE;
				CLANG_WARN_UNREACHABLE_CODE = YES;
				CLANG_WARN__DUPLICATE_METHOD_MATCH = YES;
				COPY_PHASE_STRIP = NO;
				DEBUG_INFORMATION_FORMAT = "dwarf-with-dsym";
				ENABLE_NS_ASSERTIONS = NO;
				ENABLE_STRICT_OBJC_MSGSEND = YES;
				GCC_C_LANGUAGE_STANDARD = gnu11;
				GCC_NO_COMMON_BLOCKS = YES;
				GCC_WARN_64_TO_32_BIT_CONVERSION = YES;
				GCC_WARN_ABOUT_RETURN_TYPE = YES_ERROR;
				GCC_WARN_UNDECLARED_SELECTOR = YES;
				GCC_WARN_UNINITIALIZED_AUTOS = YES_AGGRESSIVE;
				GCC_WARN_UNUSED_FUNCTION = YES;
				GCC_WARN_UNUSED_VARIABLE = YES;
				IPHONEOS_DEPLOYMENT_TARGET = 13.2;
				MTL_ENABLE_DEBUG_INFO = NO;
				MTL_FAST_MATH = YES;
				SDKROOT = iphoneos;
				SWIFT_COMPILATION_MODE = wholemodule;
				SWIFT_OPTIMIZATION_LEVEL = "-O";
				VALIDATE_PRODUCT = YES;
			};
			name = Release;
		};
		4A140B27246B317700863A16 /* Debug */ = {
			isa = XCBuildConfiguration;
			buildSettings = {
				ASSETCATALOG_COMPILER_APPICON_NAME = AppIcon;
				CODE_SIGN_STYLE = Automatic;
				DEVELOPMENT_ASSET_PATHS = "\"BBSwiftUIKitDemo/Preview Content\"";
				DEVELOPMENT_TEAM = 9LJHCTN42A;
				ENABLE_PREVIEWS = YES;
				INFOPLIST_FILE = BBSwiftUIKitDemo/Info.plist;
				LD_RUNPATH_SEARCH_PATHS = (
					"$(inherited)",
					"@executable_path/Frameworks",
				);
				PRODUCT_BUNDLE_IDENTIFIER = Kaibo.BBSwiftUIKitDemo;
				PRODUCT_NAME = "$(TARGET_NAME)";
				SWIFT_VERSION = 5.0;
				TARGETED_DEVICE_FAMILY = "1,2";
			};
			name = Debug;
		};
		4A140B28246B317700863A16 /* Release */ = {
			isa = XCBuildConfiguration;
			buildSettings = {
				ASSETCATALOG_COMPILER_APPICON_NAME = AppIcon;
				CODE_SIGN_STYLE = Automatic;
				DEVELOPMENT_ASSET_PATHS = "\"BBSwiftUIKitDemo/Preview Content\"";
				DEVELOPMENT_TEAM = 9LJHCTN42A;
				ENABLE_PREVIEWS = YES;
				INFOPLIST_FILE = BBSwiftUIKitDemo/Info.plist;
				LD_RUNPATH_SEARCH_PATHS = (
					"$(inherited)",
					"@executable_path/Frameworks",
				);
				PRODUCT_BUNDLE_IDENTIFIER = Kaibo.BBSwiftUIKitDemo;
				PRODUCT_NAME = "$(TARGET_NAME)";
				SWIFT_VERSION = 5.0;
				TARGETED_DEVICE_FAMILY = "1,2";
			};
			name = Release;
		};
/* End XCBuildConfiguration section */

/* Begin XCConfigurationList section */
		4A140B0D246B317600863A16 /* Build configuration list for PBXProject "BBSwiftUIKitDemo" */ = {
			isa = XCConfigurationList;
			buildConfigurations = (
				4A140B24246B317700863A16 /* Debug */,
				4A140B25246B317700863A16 /* Release */,
			);
			defaultConfigurationIsVisible = 0;
			defaultConfigurationName = Release;
		};
		4A140B26246B317700863A16 /* Build configuration list for PBXNativeTarget "BBSwiftUIKitDemo" */ = {
			isa = XCConfigurationList;
			buildConfigurations = (
				4A140B27246B317700863A16 /* Debug */,
				4A140B28246B317700863A16 /* Release */,
			);
			defaultConfigurationIsVisible = 0;
			defaultConfigurationName = Release;
		};
/* End XCConfigurationList section */
	};
	rootObject = 4A140B0A246B317600863A16 /* Project object */;
}
